{
  "name": "workflow-database",
  "version": "1.0.2",
  "lockfileVersion": 3,
  "requires": true,
  "packages": {
    "": {
      "name": "workflow-database",
      "version": "1.0.2",
      "license": "ISC",
      "dependencies": {
        "workflow-data": "^1.0.7"
      }
    },
    "node_modules/workflow-data": {
      "version": "1.0.7",
      "resolved": "https://registry.npmjs.org/workflow-data/-/workflow-data-1.0.7.tgz",
      "integrity": "sha512-8zPh7cMSmBGYSCntxPatkz/AwJTp9W3VLOwEnrLxm/1v5yIV8916YVxHz+bAC/AyYOqD4CnoHzCML9Ra1oqc8Q==",
      "license": "ISC"
    }
  }
}
