{
  "name": "workflow-database",
  "version": "1.0.0",
  "lockfileVersion": 3,
  "requires": true,
  "packages": {
    "": {
      "name": "workflow-database",
      "version": "1.0.0",
      "license": "ISC",
      "dependencies": {
        "workflow-data": "^1.0.1"
      }
    },
    "node_modules/workflow-data": {
      "version": "1.0.1",
      "resolved": "https://registry.npmjs.org/workflow-data/-/workflow-data-1.0.1.tgz",
      "integrity": "sha512-0x9gtBtA8+yH7Z2lpG8CUn5Bve33chNJSVWADQcOEKj9gzPMAuYsscw12RUp3q7ghL9EyAq1coKaplFuUzCH5g==",
      "license": "ISC"
    }
  }
}
